
Microsoft Visual Studio Solution File, Format Version 12.00
# Visual Studio Version 16
VisualStudioVersion = 16.0.31321.278
MinimumVisualStudioVersion = 10.0.40219.1
Project("{FAE04EC0-301F-11D3-BF4B-00C04F79EFBC}") = "HelloWebApplication", "HelloWebApplication\HelloWebApplication.csproj", "{3DCF5F29-0DC5-4A18-A721-4E6426377081}"
EndProject
Global
	GlobalSection(SolutionConfigurationPlatforms) = preSolution
		Debug|Any CPU = Debug|Any CPU
		Release|Any CPU = Release|Any CPU
	EndGlobalSection
	GlobalSection(ProjectConfigurationPlatforms) = postSolution
		{3DCF5F29-0DC5-4A18-A721-4E6426377081}.Debug|Any CPU.ActiveCfg = Debug|Any CPU
		{3DCF5F29-0DC5-4A18-A721-4E6426377081}.Debug|Any CPU.Build.0 = Debug|Any CPU
		{3DCF5F29-0DC5-4A18-A721-4E6426377081}.Release|Any CPU.ActiveCfg = Release|Any CPU
		{3DCF5F29-0DC5-4A18-A721-4E6426377081}.Release|Any CPU.Build.0 = Release|Any CPU
	EndGlobalSection
	GlobalSection(SolutionProperties) = preSolution
		HideSolutionNode = FALSE
	EndGlobalSection
	GlobalSection(ExtensibilityGlobals) = postSolution
		SolutionGuid = {5724CC89-ABC6-4398-924C-1F2F996CF932}
	EndGlobalSection
EndGlobal
